
Microsoft Visual Studio Solution File, Format Version 12.00
# Visual Studio Version 16
VisualStudioVersion = 16.0.30320.27
MinimumVisualStudioVersion = 10.0.40219.1
Project("{9A19103F-16F7-4668-BE54-9A1E7A4F7556}") = "DurableFunctions", "FunctionChaining\DurableFunctions.csproj", "{93D94B16-2D9B-425A-9389-D9C981CC47F7}"
EndProject
Project("{FAE04EC0-301F-11D3-BF4B-00C04F79EFBC}") = "Extension", "Extension\Extension.csproj", "{01E94194-94CA-4246-A07F-9E818C38CCFD}"
EndProject
Global
	GlobalSection(SolutionConfigurationPlatforms) = preSolution
		Debug|Any CPU = Debug|Any CPU
		Release|Any CPU = Release|Any CPU
	EndGlobalSection
	GlobalSection(ProjectConfigurationPlatforms) = postSolution
		{93D94B16-2D9B-425A-9389-D9C981CC47F7}.Debug|Any CPU.ActiveCfg = Debug|Any CPU
		{93D94B16-2D9B-425A-9389-D9C981CC47F7}.Debug|Any CPU.Build.0 = Debug|Any CPU
		{93D94B16-2D9B-425A-9389-D9C981CC47F7}.Release|Any CPU.ActiveCfg = Release|Any CPU
		{93D94B16-2D9B-425A-9389-D9C981CC47F7}.Release|Any CPU.Build.0 = Release|Any CPU
		{01E94194-94CA-4246-A07F-9E818C38CCFD}.Debug|Any CPU.ActiveCfg = Debug|Any CPU
		{01E94194-94CA-4246-A07F-9E818C38CCFD}.Debug|Any CPU.Build.0 = Debug|Any CPU
		{01E94194-94CA-4246-A07F-9E818C38CCFD}.Release|Any CPU.ActiveCfg = Release|Any CPU
		{01E94194-94CA-4246-A07F-9E818C38CCFD}.Release|Any CPU.Build.0 = Release|Any CPU
	EndGlobalSection
	GlobalSection(SolutionProperties) = preSolution
		HideSolutionNode = FALSE
	EndGlobalSection
	GlobalSection(ExtensibilityGlobals) = postSolution
		SolutionGuid = {49006EB2-2A94-44B4-9AD0-6652ABF56392}
	EndGlobalSection
EndGlobal
